
Microsoft Visual Studio Solution File, Format Version 12.00
# Visual Studio 15
VisualStudioVersion = 15.0.26430.14
MinimumVisualStudioVersion = 10.0.40219.1
Project("{FAE04EC0-301F-11D3-BF4B-00C04F79EFBC}") = "_01_DataBinding.Android", "01 DataBinding\_01_DataBinding.Android\_01_DataBinding.Android.csproj", "{9587BC6C-AE45-4DC1-AA0D-C379D58065E5}"
EndProject
Project("{FAE04EC0-301F-11D3-BF4B-00C04F79EFBC}") = "_01_DataBinding", "01 DataBinding\_01_DataBinding\_01_DataBinding.csproj", "{77AF1FE5-0CBC-421B-8C49-324E2C6F5FF1}"
EndProject
Project("{FAE04EC0-301F-11D3-BF4B-00C04F79EFBC}") = "_01_DataBinding.UWP", "01 DataBinding\_01_DataBinding.UWP\_01_DataBinding.UWP.csproj", "{AF63CD87-022A-4001-9E4F-3799EA0B1A3D}"
EndProject
Project("{FAE04EC0-301F-11D3-BF4B-00C04F79EFBC}") = "_01_DataBinding.iOS", "01 DataBinding\_01_DataBinding.iOS\_01_DataBinding.iOS.csproj", "{D092DBA0-91AC-4EDD-99B5-7219BD03F29C}"
EndProject
Global
	GlobalSection(SolutionConfigurationPlatforms) = preSolution
		Ad-Hoc|Any CPU = Ad-Hoc|Any CPU
		Ad-Hoc|ARM = Ad-Hoc|ARM
		Ad-Hoc|iPhone = Ad-Hoc|iPhone
		Ad-Hoc|iPhoneSimulator = Ad-Hoc|iPhoneSimulator
		Ad-Hoc|x64 = Ad-Hoc|x64
		Ad-Hoc|x86 = Ad-Hoc|x86
		AppStore|Any CPU = AppStore|Any CPU
		AppStore|ARM = AppStore|ARM
		AppStore|iPhone = AppStore|iPhone
		AppStore|iPhoneSimulator = AppStore|iPhoneSimulator
		AppStore|x64 = AppStore|x64
		AppStore|x86 = AppStore|x86
		Debug|Any CPU = Debug|Any CPU
		Debug|ARM = Debug|ARM
		Debug|iPhone = Debug|iPhone
		Debug|iPhoneSimulator = Debug|iPhoneSimulator
		Debug|x64 = Debug|x64
		Debug|x86 = Debug|x86
		Release|Any CPU = Release|Any CPU
		Release|ARM = Release|ARM
		Release|iPhone = Release|iPhone
		Release|iPhoneSimulator = Release|iPhoneSimulator
		Release|x64 = Release|x64
		Release|x86 = Release|x86
	EndGlobalSection
	GlobalSection(ProjectConfigurationPlatforms) = postSolution
		{9587BC6C-AE45-4DC1-AA0D-C379D58065E5}.Ad-Hoc|Any CPU.ActiveCfg = Release|Any CPU
		{9587BC6C-AE45-4DC1-AA0D-C379D58065E5}.Ad-Hoc|Any CPU.Build.0 = Release|Any CPU
		{9587BC6C-AE45-4DC1-AA0D-C379D58065E5}.Ad-Hoc|Any CPU.Deploy.0 = Release|Any CPU
		{9587BC6C-AE45-4DC1-AA0D-C379D58065E5}.Ad-Hoc|ARM.ActiveCfg = Release|Any CPU
		{9587BC6C-AE45-4DC1-AA0D-C379D58065E5}.Ad-Hoc|ARM.Build.0 = Release|Any CPU
		{9587BC6C-AE45-4DC1-AA0D-C379D58065E5}.Ad-Hoc|ARM.Deploy.0 = Release|Any CPU
		{9587BC6C-AE45-4DC1-AA0D-C379D58065E5}.Ad-Hoc|iPhone.ActiveCfg = Release|Any CPU
		{9587BC6C-AE45-4DC1-AA0D-C379D58065E5}.Ad-Hoc|iPhone.Build.0 = Release|Any CPU
		{9587BC6C-AE45-4DC1-AA0D-C379D58065E5}.Ad-Hoc|iPhone.Deploy.0 = Release|Any CPU
		{9587BC6C-AE45-4DC1-AA0D-C379D58065E5}.Ad-Hoc|iPhoneSimulator.ActiveCfg = Release|Any CPU
		{9587BC6C-AE45-4DC1-AA0D-C379D58065E5}.Ad-Hoc|iPhoneSimulator.Build.0 = Release|Any CPU
		{9587BC6C-AE45-4DC1-AA0D-C379D58065E5}.Ad-Hoc|iPhoneSimulator.Deploy.0 = Release|Any CPU
		{9587BC6C-AE45-4DC1-AA0D-C379D58065E5}.Ad-Hoc|x64.ActiveCfg = Release|Any CPU
		{9587BC6C-AE45-4DC1-AA0D-C379D58065E5}.Ad-Hoc|x64.Build.0 = Release|Any CPU
		{9587BC6C-AE45-4DC1-AA0D-C379D58065E5}.Ad-Hoc|x64.Deploy.0 = Release|Any CPU
		{9587BC6C-AE45-4DC1-AA0D-C379D58065E5}.Ad-Hoc|x86.ActiveCfg = Release|Any CPU
		{9587BC6C-AE45-4DC1-AA0D-C379D58065E5}.Ad-Hoc|x86.Build.0 = Release|Any CPU
		{9587BC6C-AE45-4DC1-AA0D-C379D58065E5}.Ad-Hoc|x86.Deploy.0 = Release|Any CPU
		{9587BC6C-AE45-4DC1-AA0D-C379D58065E5}.AppStore|Any CPU.ActiveCfg = Release|Any CPU
		{9587BC6C-AE45-4DC1-AA0D-C379D58065E5}.AppStore|Any CPU.Build.0 = Release|Any CPU
		{9587BC6C-AE45-4DC1-AA0D-C379D58065E5}.AppStore|Any CPU.Deploy.0 = Release|Any CPU
		{9587BC6C-AE45-4DC1-AA0D-C379D58065E5}.AppStore|ARM.ActiveCfg = Release|Any CPU
		{9587BC6C-AE45-4DC1-AA0D-C379D58065E5}.AppStore|ARM.Build.0 = Release|Any CPU
		{9587BC6C-AE45-4DC1-AA0D-C379D58065E5}.AppStore|ARM.Deploy.0 = Release|Any CPU
		{9587BC6C-AE45-4DC1-AA0D-C379D58065E5}.AppStore|iPhone.ActiveCfg = Release|Any CPU
		{9587BC6C-AE45-4DC1-AA0D-C379D58065E5}.AppStore|iPhone.Build.0 = Release|Any CPU
		{9587BC6C-AE45-4DC1-AA0D-C379D58065E5}.AppStore|iPhone.Deploy.0 = Release|Any CPU
		{9587BC6C-AE45-4DC1-AA0D-C379D58065E5}.AppStore|iPhoneSimulator.ActiveCfg = Release|Any CPU
		{9587BC6C-AE45-4DC1-AA0D-C379D58065E5}.AppStore|iPhoneSimulator.Build.0 = Release|Any CPU
		{9587BC6C-AE45-4DC1-AA0D-C379D58065E5}.AppStore|iPhoneSimulator.Deploy.0 = Release|Any CPU
		{9587BC6C-AE45-4DC1-AA0D-C379D58065E5}.AppStore|x64.ActiveCfg = Release|Any CPU
		{9587BC6C-AE45-4DC1-AA0D-C379D58065E5}.AppStore|x64.Build.0 = Release|Any CPU
		{9587BC6C-AE45-4DC1-AA0D-C379D58065E5}.AppStore|x64.Deploy.0 = Release|Any CPU
		{9587BC6C-AE45-4DC1-AA0D-C379D58065E5}.AppStore|x86.ActiveCfg = Release|Any CPU
		{9587BC6C-AE45-4DC1-AA0D-C379D58065E5}.AppStore|x86.Build.0 = Release|Any CPU
		{9587BC6C-AE45-4DC1-AA0D-C379D58065E5}.AppStore|x86.Deploy.0 = Release|Any CPU
		{9587BC6C-AE45-4DC1-AA0D-C379D58065E5}.Debug|Any CPU.ActiveCfg = Debug|Any CPU
		{9587BC6C-AE45-4DC1-AA0D-C379D58065E5}.Debug|Any CPU.Build.0 = Debug|Any CPU
		{9587BC6C-AE45-4DC1-AA0D-C379D58065E5}.Debug|Any CPU.Deploy.0 = Debug|Any CPU
		{9587BC6C-AE45-4DC1-AA0D-C379D58065E5}.Debug|ARM.ActiveCfg = Debug|Any CPU
		{9587BC6C-AE45-4DC1-AA0D-C379D58065E5}.Debug|ARM.Build.0 = Debug|Any CPU
		{9587BC6C-AE45-4DC1-AA0D-C379D58065E5}.Debug|ARM.Deploy.0 = Debug|Any CPU
		{9587BC6C-AE45-4DC1-AA0D-C379D58065E5}.Debug|iPhone.ActiveCfg = Debug|Any CPU
		{9587BC6C-AE45-4DC1-AA0D-C379D58065E5}.Debug|iPhone.Build.0 = Debug|Any CPU
		{9587BC6C-AE45-4DC1-AA0D-C379D58065E5}.Debug|iPhone.Deploy.0 = Debug|Any CPU
		{9587BC6C-AE45-4DC1-AA0D-C379D58065E5}.Debug|iPhoneSimulator.ActiveCfg = Debug|Any CPU
		{9587BC6C-AE45-4DC1-AA0D-C379D58065E5}.Debug|iPhoneSimulator.Build.0 = Debug|Any CPU
		{9587BC6C-AE45-4DC1-AA0D-C379D58065E5}.Debug|iPhoneSimulator.Deploy.0 = Debug|Any CPU
		{9587BC6C-AE45-4DC1-AA0D-C379D58065E5}.Debug|x64.ActiveCfg = Debug|Any CPU
		{9587BC6C-AE45-4DC1-AA0D-C379D58065E5}.Debug|x64.Build.0 = Debug|Any CPU
		{9587BC6C-AE45-4DC1-AA0D-C379D58065E5}.Debug|x64.Deploy.0 = Debug|Any CPU
		{9587BC6C-AE45-4DC1-AA0D-C379D58065E5}.Debug|x86.ActiveCfg = Debug|Any CPU
		{9587BC6C-AE45-4DC1-AA0D-C379D58065E5}.Debug|x86.Build.0 = Debug|Any CPU
		{9587BC6C-AE45-4DC1-AA0D-C379D58065E5}.Debug|x86.Deploy.0 = Debug|Any CPU
		{9587BC6C-AE45-4DC1-AA0D-C379D58065E5}.Release|Any CPU.ActiveCfg = Release|Any CPU
		{9587BC6C-AE45-4DC1-AA0D-C379D58065E5}.Release|Any CPU.Build.0 = Release|Any CPU
		{9587BC6C-AE45-4DC1-AA0D-C379D58065E5}.Release|Any CPU.Deploy.0 = Release|Any CPU
		{9587BC6C-AE45-4DC1-AA0D-C379D58065E5}.Release|ARM.ActiveCfg = Release|Any CPU
		{9587BC6C-AE45-4DC1-AA0D-C379D58065E5}.Release|ARM.Build.0 = Release|Any CPU
		{9587BC6C-AE45-4DC1-AA0D-C379D58065E5}.Release|ARM.Deploy.0 = Release|Any CPU
		{9587BC6C-AE45-4DC1-AA0D-C379D58065E5}.Release|iPhone.ActiveCfg = Release|Any CPU
		{9587BC6C-AE45-4DC1-AA0D-C379D58065E5}.Release|iPhone.Build.0 = Release|Any CPU
		{9587BC6C-AE45-4DC1-AA0D-C379D58065E5}.Release|iPhone.Deploy.0 = Release|Any CPU
		{9587BC6C-AE45-4DC1-AA0D-C379D58065E5}.Release|iPhoneSimulator.ActiveCfg = Release|Any CPU
		{9587BC6C-AE45-4DC1-AA0D-C379D58065E5}.Release|iPhoneSimulator.Build.0 = Release|Any CPU
		{9587BC6C-AE45-4DC1-AA0D-C379D58065E5}.Release|iPhoneSimulator.Deploy.0 = Release|Any CPU
		{9587BC6C-AE45-4DC1-AA0D-C379D58065E5}.Release|x64.ActiveCfg = Release|Any CPU
		{9587BC6C-AE45-4DC1-AA0D-C379D58065E5}.Release|x64.Build.0 = Release|Any CPU
		{9587BC6C-AE45-4DC1-AA0D-C379D58065E5}.Release|x64.Deploy.0 = Release|Any CPU
		{9587BC6C-AE45-4DC1-AA0D-C379D58065E5}.Release|x86.ActiveCfg = Release|Any CPU
		{9587BC6C-AE45-4DC1-AA0D-C379D58065E5}.Release|x86.Build.0 = Release|Any CPU
		{9587BC6C-AE45-4DC1-AA0D-C379D58065E5}.Release|x86.Deploy.0 = Release|Any CPU
		{77AF1FE5-0CBC-421B-8C49-324E2C6F5FF1}.Ad-Hoc|Any CPU.ActiveCfg = Release|Any CPU
		{77AF1FE5-0CBC-421B-8C49-324E2C6F5FF1}.Ad-Hoc|Any CPU.Build.0 = Release|Any CPU
		{77AF1FE5-0CBC-421B-8C49-324E2C6F5FF1}.Ad-Hoc|ARM.ActiveCfg = Release|Any CPU
		{77AF1FE5-0CBC-421B-8C49-324E2C6F5FF1}.Ad-Hoc|ARM.Build.0 = Release|Any CPU
		{77AF1FE5-0CBC-421B-8C49-324E2C6F5FF1}.Ad-Hoc|iPhone.ActiveCfg = Release|Any CPU
		{77AF1FE5-0CBC-421B-8C49-324E2C6F5FF1}.Ad-Hoc|iPhone.Build.0 = Release|Any CPU
		{77AF1FE5-0CBC-421B-8C49-324E2C6F5FF1}.Ad-Hoc|iPhoneSimulator.ActiveCfg = Release|Any CPU
		{77AF1FE5-0CBC-421B-8C49-324E2C6F5FF1}.Ad-Hoc|iPhoneSimulator.Build.0 = Release|Any CPU
		{77AF1FE5-0CBC-421B-8C49-324E2C6F5FF1}.Ad-Hoc|x64.ActiveCfg = Release|Any CPU
		{77AF1FE5-0CBC-421B-8C49-324E2C6F5FF1}.Ad-Hoc|x64.Build.0 = Release|Any CPU
		{77AF1FE5-0CBC-421B-8C49-324E2C6F5FF1}.Ad-Hoc|x86.ActiveCfg = Release|Any CPU
		{77AF1FE5-0CBC-421B-8C49-324E2C6F5FF1}.Ad-Hoc|x86.Build.0 = Release|Any CPU
		{77AF1FE5-0CBC-421B-8C49-324E2C6F5FF1}.AppStore|Any CPU.ActiveCfg = Release|Any CPU
		{77AF1FE5-0CBC-421B-8C49-324E2C6F5FF1}.AppStore|Any CPU.Build.0 = Release|Any CPU
		{77AF1FE5-0CBC-421B-8C49-324E2C6F5FF1}.AppStore|ARM.ActiveCfg = Release|Any CPU
		{77AF1FE5-0CBC-421B-8C49-324E2C6F5FF1}.AppStore|ARM.Build.0 = Release|Any CPU
		{77AF1FE5-0CBC-421B-8C49-324E2C6F5FF1}.AppStore|iPhone.ActiveCfg = Release|Any CPU
		{77AF1FE5-0CBC-421B-8C49-324E2C6F5FF1}.AppStore|iPhone.Build.0 = Release|Any CPU
		{77AF1FE5-0CBC-421B-8C49-324E2C6F5FF1}.AppStore|iPhoneSimulator.ActiveCfg = Release|Any CPU
		{77AF1FE5-0CBC-421B-8C49-324E2C6F5FF1}.AppStore|iPhoneSimulator.Build.0 = Release|Any CPU
		{77AF1FE5-0CBC-421B-8C49-324E2C6F5FF1}.AppStore|x64.ActiveCfg = Release|Any CPU
		{77AF1FE5-0CBC-421B-8C49-324E2C6F5FF1}.AppStore|x64.Build.0 = Release|Any CPU
		{77AF1FE5-0CBC-421B-8C49-324E2C6F5FF1}.AppStore|x86.ActiveCfg = Release|Any CPU
		{77AF1FE5-0CBC-421B-8C49-324E2C6F5FF1}.AppStore|x86.Build.0 = Release|Any CPU
		{77AF1FE5-0CBC-421B-8C49-324E2C6F5FF1}.Debug|Any CPU.ActiveCfg = Debug|Any CPU
		{77AF1FE5-0CBC-421B-8C49-324E2C6F5FF1}.Debug|Any CPU.Build.0 = Debug|Any CPU
		{77AF1FE5-0CBC-421B-8C49-324E2C6F5FF1}.Debug|ARM.ActiveCfg = Debug|Any CPU
		{77AF1FE5-0CBC-421B-8C49-324E2C6F5FF1}.Debug|ARM.Build.0 = Debug|Any CPU
		{77AF1FE5-0CBC-421B-8C49-324E2C6F5FF1}.Debug|iPhone.ActiveCfg = Debug|Any CPU
		{77AF1FE5-0CBC-421B-8C49-324E2C6F5FF1}.Debug|iPhone.Build.0 = Debug|Any CPU
		{77AF1FE5-0CBC-421B-8C49-324E2C6F5FF1}.Debug|iPhoneSimulator.ActiveCfg = Debug|Any CPU
		{77AF1FE5-0CBC-421B-8C49-324E2C6F5FF1}.Debug|iPhoneSimulator.Build.0 = Debug|Any CPU
		{77AF1FE5-0CBC-421B-8C49-324E2C6F5FF1}.Debug|x64.ActiveCfg = Debug|Any CPU
		{77AF1FE5-0CBC-421B-8C49-324E2C6F5FF1}.Debug|x64.Build.0 = Debug|Any CPU
		{77AF1FE5-0CBC-421B-8C49-324E2C6F5FF1}.Debug|x86.ActiveCfg = Debug|Any CPU
		{77AF1FE5-0CBC-421B-8C49-324E2C6F5FF1}.Debug|x86.Build.0 = Debug|Any CPU
		{77AF1FE5-0CBC-421B-8C49-324E2C6F5FF1}.Release|Any CPU.ActiveCfg = Release|Any CPU
		{77AF1FE5-0CBC-421B-8C49-324E2C6F5FF1}.Release|Any CPU.Build.0 = Release|Any CPU
		{77AF1FE5-0CBC-421B-8C49-324E2C6F5FF1}.Release|ARM.ActiveCfg = Release|Any CPU
		{77AF1FE5-0CBC-421B-8C49-324E2C6F5FF1}.Release|ARM.Build.0 = Release|Any CPU
		{77AF1FE5-0CBC-421B-8C49-324E2C6F5FF1}.Release|iPhone.ActiveCfg = Release|Any CPU
		{77AF1FE5-0CBC-421B-8C49-324E2C6F5FF1}.Release|iPhone.Build.0 = Release|Any CPU
		{77AF1FE5-0CBC-421B-8C49-324E2C6F5FF1}.Release|iPhoneSimulator.ActiveCfg = Release|Any CPU
		{77AF1FE5-0CBC-421B-8C49-324E2C6F5FF1}.Release|iPhoneSimulator.Build.0 = Release|Any CPU
		{77AF1FE5-0CBC-421B-8C49-324E2C6F5FF1}.Release|x64.ActiveCfg = Release|Any CPU
		{77AF1FE5-0CBC-421B-8C49-324E2C6F5FF1}.Release|x64.Build.0 = Release|Any CPU
		{77AF1FE5-0CBC-421B-8C49-324E2C6F5FF1}.Release|x86.ActiveCfg = Release|Any CPU
		{77AF1FE5-0CBC-421B-8C49-324E2C6F5FF1}.Release|x86.Build.0 = Release|Any CPU
		{AF63CD87-022A-4001-9E4F-3799EA0B1A3D}.Ad-Hoc|Any CPU.ActiveCfg = Release|x86
		{AF63CD87-022A-4001-9E4F-3799EA0B1A3D}.Ad-Hoc|Any CPU.Build.0 = Release|x86
		{AF63CD87-022A-4001-9E4F-3799EA0B1A3D}.Ad-Hoc|Any CPU.Deploy.0 = Release|x86
		{AF63CD87-022A-4001-9E4F-3799EA0B1A3D}.Ad-Hoc|ARM.ActiveCfg = Release|ARM
		{AF63CD87-022A-4001-9E4F-3799EA0B1A3D}.Ad-Hoc|ARM.Build.0 = Release|ARM
		{AF63CD87-022A-4001-9E4F-3799EA0B1A3D}.Ad-Hoc|ARM.Deploy.0 = Release|ARM
		{AF63CD87-022A-4001-9E4F-3799EA0B1A3D}.Ad-Hoc|iPhone.ActiveCfg = Release|x86
		{AF63CD87-022A-4001-9E4F-3799EA0B1A3D}.Ad-Hoc|iPhone.Build.0 = Release|x86
		{AF63CD87-022A-4001-9E4F-3799EA0B1A3D}.Ad-Hoc|iPhone.Deploy.0 = Release|x86
		{AF63CD87-022A-4001-9E4F-3799EA0B1A3D}.Ad-Hoc|iPhoneSimulator.ActiveCfg = Release|x86
		{AF63CD87-022A-4001-9E4F-3799EA0B1A3D}.Ad-Hoc|iPhoneSimulator.Build.0 = Release|x86
		{AF63CD87-022A-4001-9E4F-3799EA0B1A3D}.Ad-Hoc|iPhoneSimulator.Deploy.0 = Release|x86
		{AF63CD87-022A-4001-9E4F-3799EA0B1A3D}.Ad-Hoc|x64.ActiveCfg = Release|x64
		{AF63CD87-022A-4001-9E4F-3799EA0B1A3D}.Ad-Hoc|x64.Build.0 = Release|x64
		{AF63CD87-022A-4001-9E4F-3799EA0B1A3D}.Ad-Hoc|x64.Deploy.0 = Release|x64
		{AF63CD87-022A-4001-9E4F-3799EA0B1A3D}.Ad-Hoc|x86.ActiveCfg = Release|x86
		{AF63CD87-022A-4001-9E4F-3799EA0B1A3D}.Ad-Hoc|x86.Build.0 = Release|x86
		{AF63CD87-022A-4001-9E4F-3799EA0B1A3D}.Ad-Hoc|x86.Deploy.0 = Release|x86
		{AF63CD87-022A-4001-9E4F-3799EA0B1A3D}.AppStore|Any CPU.ActiveCfg = Release|x86
		{AF63CD87-022A-4001-9E4F-3799EA0B1A3D}.AppStore|Any CPU.Build.0 = Release|x86
		{AF63CD87-022A-4001-9E4F-3799EA0B1A3D}.AppStore|Any CPU.Deploy.0 = Release|x86
		{AF63CD87-022A-4001-9E4F-3799EA0B1A3D}.AppStore|ARM.ActiveCfg = Release|ARM
		{AF63CD87-022A-4001-9E4F-3799EA0B1A3D}.AppStore|ARM.Build.0 = Release|ARM
		{AF63CD87-022A-4001-9E4F-3799EA0B1A3D}.AppStore|ARM.Deploy.0 = Release|ARM
		{AF63CD87-022A-4001-9E4F-3799EA0B1A3D}.AppStore|iPhone.ActiveCfg = Release|x86
		{AF63CD87-022A-4001-9E4F-3799EA0B1A3D}.AppStore|iPhone.Build.0 = Release|x86
		{AF63CD87-022A-4001-9E4F-3799EA0B1A3D}.AppStore|iPhone.Deploy.0 = Release|x86
		{AF63CD87-022A-4001-9E4F-3799EA0B1A3D}.AppStore|iPhoneSimulator.ActiveCfg = Release|x86
		{AF63CD87-022A-4001-9E4F-3799EA0B1A3D}.AppStore|iPhoneSimulator.Build.0 = Release|x86
		{AF63CD87-022A-4001-9E4F-3799EA0B1A3D}.AppStore|iPhoneSimulator.Deploy.0 = Release|x86
		{AF63CD87-022A-4001-9E4F-3799EA0B1A3D}.AppStore|x64.ActiveCfg = Release|x64
		{AF63CD87-022A-4001-9E4F-3799EA0B1A3D}.AppStore|x64.Build.0 = Release|x64
		{AF63CD87-022A-4001-9E4F-3799EA0B1A3D}.AppStore|x64.Deploy.0 = Release|x64
		{AF63CD87-022A-4001-9E4F-3799EA0B1A3D}.AppStore|x86.ActiveCfg = Release|x86
		{AF63CD87-022A-4001-9E4F-3799EA0B1A3D}.AppStore|x86.Build.0 = Release|x86
		{AF63CD87-022A-4001-9E4F-3799EA0B1A3D}.AppStore|x86.Deploy.0 = Release|x86
		{AF63CD87-022A-4001-9E4F-3799EA0B1A3D}.Debug|Any CPU.ActiveCfg = Debug|x86
		{AF63CD87-022A-4001-9E4F-3799EA0B1A3D}.Debug|ARM.ActiveCfg = Debug|ARM
		{AF63CD87-022A-4001-9E4F-3799EA0B1A3D}.Debug|ARM.Build.0 = Debug|ARM
		{AF63CD87-022A-4001-9E4F-3799EA0B1A3D}.Debug|ARM.Deploy.0 = Debug|ARM
		{AF63CD87-022A-4001-9E4F-3799EA0B1A3D}.Debug|iPhone.ActiveCfg = Debug|x86
		{AF63CD87-022A-4001-9E4F-3799EA0B1A3D}.Debug|iPhoneSimulator.ActiveCfg = Debug|x86
		{AF63CD87-022A-4001-9E4F-3799EA0B1A3D}.Debug|x64.ActiveCfg = Debug|x64
		{AF63CD87-022A-4001-9E4F-3799EA0B1A3D}.Debug|x64.Build.0 = Debug|x64
		{AF63CD87-022A-4001-9E4F-3799EA0B1A3D}.Debug|x64.Deploy.0 = Debug|x64
		{AF63CD87-022A-4001-9E4F-3799EA0B1A3D}.Debug|x86.ActiveCfg = Debug|x86
		{AF63CD87-022A-4001-9E4F-3799EA0B1A3D}.Debug|x86.Build.0 = Debug|x86
		{AF63CD87-022A-4001-9E4F-3799EA0B1A3D}.Debug|x86.Deploy.0 = Debug|x86
		{AF63CD87-022A-4001-9E4F-3799EA0B1A3D}.Release|Any CPU.ActiveCfg = Release|x86
		{AF63CD87-022A-4001-9E4F-3799EA0B1A3D}.Release|ARM.ActiveCfg = Release|ARM
		{AF63CD87-022A-4001-9E4F-3799EA0B1A3D}.Release|ARM.Build.0 = Release|ARM
		{AF63CD87-022A-4001-9E4F-3799EA0B1A3D}.Release|ARM.Deploy.0 = Release|ARM
		{AF63CD87-022A-4001-9E4F-3799EA0B1A3D}.Release|iPhone.ActiveCfg = Release|x86
		{AF63CD87-022A-4001-9E4F-3799EA0B1A3D}.Release|iPhoneSimulator.ActiveCfg = Release|x86
		{AF63CD87-022A-4001-9E4F-3799EA0B1A3D}.Release|x64.ActiveCfg = Release|x64
		{AF63CD87-022A-4001-9E4F-3799EA0B1A3D}.Release|x64.Build.0 = Release|x64
		{AF63CD87-022A-4001-9E4F-3799EA0B1A3D}.Release|x64.Deploy.0 = Release|x64
		{AF63CD87-022A-4001-9E4F-3799EA0B1A3D}.Release|x86.ActiveCfg = Release|x86
		{AF63CD87-022A-4001-9E4F-3799EA0B1A3D}.Release|x86.Build.0 = Release|x86
		{AF63CD87-022A-4001-9E4F-3799EA0B1A3D}.Release|x86.Deploy.0 = Release|x86
		{D092DBA0-91AC-4EDD-99B5-7219BD03F29C}.Ad-Hoc|Any CPU.ActiveCfg = Ad-Hoc|iPhone
		{D092DBA0-91AC-4EDD-99B5-7219BD03F29C}.Ad-Hoc|ARM.ActiveCfg = Ad-Hoc|iPhone
		{D092DBA0-91AC-4EDD-99B5-7219BD03F29C}.Ad-Hoc|iPhone.ActiveCfg = Ad-Hoc|iPhone
		{D092DBA0-91AC-4EDD-99B5-7219BD03F29C}.Ad-Hoc|iPhone.Build.0 = Ad-Hoc|iPhone
		{D092DBA0-91AC-4EDD-99B5-7219BD03F29C}.Ad-Hoc|iPhoneSimulator.ActiveCfg = Ad-Hoc|iPhoneSimulator
		{D092DBA0-91AC-4EDD-99B5-7219BD03F29C}.Ad-Hoc|iPhoneSimulator.Build.0 = Ad-Hoc|iPhoneSimulator
		{D092DBA0-91AC-4EDD-99B5-7219BD03F29C}.Ad-Hoc|x64.ActiveCfg = Ad-Hoc|iPhone
		{D092DBA0-91AC-4EDD-99B5-7219BD03F29C}.Ad-Hoc|x86.ActiveCfg = Ad-Hoc|iPhone
		{D092DBA0-91AC-4EDD-99B5-7219BD03F29C}.AppStore|Any CPU.ActiveCfg = AppStore|iPhone
		{D092DBA0-91AC-4EDD-99B5-7219BD03F29C}.AppStore|ARM.ActiveCfg = AppStore|iPhone
		{D092DBA0-91AC-4EDD-99B5-7219BD03F29C}.AppStore|iPhone.ActiveCfg = AppStore|iPhone
		{D092DBA0-91AC-4EDD-99B5-7219BD03F29C}.AppStore|iPhone.Build.0 = AppStore|iPhone
		{D092DBA0-91AC-4EDD-99B5-7219BD03F29C}.AppStore|iPhoneSimulator.ActiveCfg = AppStore|iPhoneSimulator
		{D092DBA0-91AC-4EDD-99B5-7219BD03F29C}.AppStore|iPhoneSimulator.Build.0 = AppStore|iPhoneSimulator
		{D092DBA0-91AC-4EDD-99B5-7219BD03F29C}.AppStore|x64.ActiveCfg = AppStore|iPhone
		{D092DBA0-91AC-4EDD-99B5-7219BD03F29C}.AppStore|x86.ActiveCfg = AppStore|iPhone
		{D092DBA0-91AC-4EDD-99B5-7219BD03F29C}.Debug|Any CPU.ActiveCfg = Debug|iPhone
		{D092DBA0-91AC-4EDD-99B5-7219BD03F29C}.Debug|ARM.ActiveCfg = Debug|iPhone
		{D092DBA0-91AC-4EDD-99B5-7219BD03F29C}.Debug|iPhone.ActiveCfg = Debug|iPhone
		{D092DBA0-91AC-4EDD-99B5-7219BD03F29C}.Debug|iPhone.Build.0 = Debug|iPhone
		{D092DBA0-91AC-4EDD-99B5-7219BD03F29C}.Debug|iPhoneSimulator.ActiveCfg = Debug|iPhoneSimulator
		{D092DBA0-91AC-4EDD-99B5-7219BD03F29C}.Debug|iPhoneSimulator.Build.0 = Debug|iPhoneSimulator
		{D092DBA0-91AC-4EDD-99B5-7219BD03F29C}.Debug|x64.ActiveCfg = Debug|iPhone
		{D092DBA0-91AC-4EDD-99B5-7219BD03F29C}.Debug|x86.ActiveCfg = Debug|iPhone
		{D092DBA0-91AC-4EDD-99B5-7219BD03F29C}.Release|Any CPU.ActiveCfg = Release|iPhone
		{D092DBA0-91AC-4EDD-99B5-7219BD03F29C}.Release|ARM.ActiveCfg = Release|iPhone
		{D092DBA0-91AC-4EDD-99B5-7219BD03F29C}.Release|iPhone.ActiveCfg = Release|iPhone
		{D092DBA0-91AC-4EDD-99B5-7219BD03F29C}.Release|iPhone.Build.0 = Release|iPhone
		{D092DBA0-91AC-4EDD-99B5-7219BD03F29C}.Release|iPhoneSimulator.ActiveCfg = Release|iPhoneSimulator
		{D092DBA0-91AC-4EDD-99B5-7219BD03F29C}.Release|iPhoneSimulator.Build.0 = Release|iPhoneSimulator
		{D092DBA0-91AC-4EDD-99B5-7219BD03F29C}.Release|x64.ActiveCfg = Release|iPhone
		{D092DBA0-91AC-4EDD-99B5-7219BD03F29C}.Release|x86.ActiveCfg = Release|iPhone
	EndGlobalSection
	GlobalSection(SolutionProperties) = preSolution
		HideSolutionNode = FALSE
	EndGlobalSection
EndGlobal
