
Microsoft Visual Studio Solution File, Format Version 12.00
# Visual Studio 15
VisualStudioVersion = 15.0.26430.13
MinimumVisualStudioVersion = 10.0.40219.1
Project("{FAE04EC0-301F-11D3-BF4B-00C04F79EFBC}") = "TagGesture.Android", "TagGesture\TagGesture.Android\TagGesture.Android.csproj", "{A48C6C36-4786-46F5-8CA9-1C140BBA13BA}"
EndProject
Project("{FAE04EC0-301F-11D3-BF4B-00C04F79EFBC}") = "TagGesture", "TagGesture\TagGesture\TagGesture.csproj", "{7C45C439-4DDB-4BCC-A17D-65A2C3DB9A17}"
EndProject
Project("{FAE04EC0-301F-11D3-BF4B-00C04F79EFBC}") = "TagGesture.UWP", "TagGesture\TagGesture.UWP\TagGesture.UWP.csproj", "{67DAD5D0-7A92-4FFC-BE9A-4AF8494B1936}"
EndProject
Project("{FAE04EC0-301F-11D3-BF4B-00C04F79EFBC}") = "TagGesture.iOS", "TagGesture\TagGesture.iOS\TagGesture.iOS.csproj", "{0488CE25-ECA5-490A-8F66-2CD7633717A0}"
EndProject
Global
	GlobalSection(SolutionConfigurationPlatforms) = preSolution
		Ad-Hoc|Any CPU = Ad-Hoc|Any CPU
		Ad-Hoc|ARM = Ad-Hoc|ARM
		Ad-Hoc|iPhone = Ad-Hoc|iPhone
		Ad-Hoc|iPhoneSimulator = Ad-Hoc|iPhoneSimulator
		Ad-Hoc|x64 = Ad-Hoc|x64
		Ad-Hoc|x86 = Ad-Hoc|x86
		AppStore|Any CPU = AppStore|Any CPU
		AppStore|ARM = AppStore|ARM
		AppStore|iPhone = AppStore|iPhone
		AppStore|iPhoneSimulator = AppStore|iPhoneSimulator
		AppStore|x64 = AppStore|x64
		AppStore|x86 = AppStore|x86
		Debug|Any CPU = Debug|Any CPU
		Debug|ARM = Debug|ARM
		Debug|iPhone = Debug|iPhone
		Debug|iPhoneSimulator = Debug|iPhoneSimulator
		Debug|x64 = Debug|x64
		Debug|x86 = Debug|x86
		Release|Any CPU = Release|Any CPU
		Release|ARM = Release|ARM
		Release|iPhone = Release|iPhone
		Release|iPhoneSimulator = Release|iPhoneSimulator
		Release|x64 = Release|x64
		Release|x86 = Release|x86
	EndGlobalSection
	GlobalSection(ProjectConfigurationPlatforms) = postSolution
		{A48C6C36-4786-46F5-8CA9-1C140BBA13BA}.Ad-Hoc|Any CPU.ActiveCfg = Release|Any CPU
		{A48C6C36-4786-46F5-8CA9-1C140BBA13BA}.Ad-Hoc|Any CPU.Build.0 = Release|Any CPU
		{A48C6C36-4786-46F5-8CA9-1C140BBA13BA}.Ad-Hoc|Any CPU.Deploy.0 = Release|Any CPU
		{A48C6C36-4786-46F5-8CA9-1C140BBA13BA}.Ad-Hoc|ARM.ActiveCfg = Release|Any CPU
		{A48C6C36-4786-46F5-8CA9-1C140BBA13BA}.Ad-Hoc|ARM.Build.0 = Release|Any CPU
		{A48C6C36-4786-46F5-8CA9-1C140BBA13BA}.Ad-Hoc|ARM.Deploy.0 = Release|Any CPU
		{A48C6C36-4786-46F5-8CA9-1C140BBA13BA}.Ad-Hoc|iPhone.ActiveCfg = Release|Any CPU
		{A48C6C36-4786-46F5-8CA9-1C140BBA13BA}.Ad-Hoc|iPhone.Build.0 = Release|Any CPU
		{A48C6C36-4786-46F5-8CA9-1C140BBA13BA}.Ad-Hoc|iPhone.Deploy.0 = Release|Any CPU
		{A48C6C36-4786-46F5-8CA9-1C140BBA13BA}.Ad-Hoc|iPhoneSimulator.ActiveCfg = Release|Any CPU
		{A48C6C36-4786-46F5-8CA9-1C140BBA13BA}.Ad-Hoc|iPhoneSimulator.Build.0 = Release|Any CPU
		{A48C6C36-4786-46F5-8CA9-1C140BBA13BA}.Ad-Hoc|iPhoneSimulator.Deploy.0 = Release|Any CPU
		{A48C6C36-4786-46F5-8CA9-1C140BBA13BA}.Ad-Hoc|x64.ActiveCfg = Release|Any CPU
		{A48C6C36-4786-46F5-8CA9-1C140BBA13BA}.Ad-Hoc|x64.Build.0 = Release|Any CPU
		{A48C6C36-4786-46F5-8CA9-1C140BBA13BA}.Ad-Hoc|x64.Deploy.0 = Release|Any CPU
		{A48C6C36-4786-46F5-8CA9-1C140BBA13BA}.Ad-Hoc|x86.ActiveCfg = Release|Any CPU
		{A48C6C36-4786-46F5-8CA9-1C140BBA13BA}.Ad-Hoc|x86.Build.0 = Release|Any CPU
		{A48C6C36-4786-46F5-8CA9-1C140BBA13BA}.Ad-Hoc|x86.Deploy.0 = Release|Any CPU
		{A48C6C36-4786-46F5-8CA9-1C140BBA13BA}.AppStore|Any CPU.ActiveCfg = Release|Any CPU
		{A48C6C36-4786-46F5-8CA9-1C140BBA13BA}.AppStore|Any CPU.Build.0 = Release|Any CPU
		{A48C6C36-4786-46F5-8CA9-1C140BBA13BA}.AppStore|Any CPU.Deploy.0 = Release|Any CPU
		{A48C6C36-4786-46F5-8CA9-1C140BBA13BA}.AppStore|ARM.ActiveCfg = Release|Any CPU
		{A48C6C36-4786-46F5-8CA9-1C140BBA13BA}.AppStore|ARM.Build.0 = Release|Any CPU
		{A48C6C36-4786-46F5-8CA9-1C140BBA13BA}.AppStore|ARM.Deploy.0 = Release|Any CPU
		{A48C6C36-4786-46F5-8CA9-1C140BBA13BA}.AppStore|iPhone.ActiveCfg = Release|Any CPU
		{A48C6C36-4786-46F5-8CA9-1C140BBA13BA}.AppStore|iPhone.Build.0 = Release|Any CPU
		{A48C6C36-4786-46F5-8CA9-1C140BBA13BA}.AppStore|iPhone.Deploy.0 = Release|Any CPU
		{A48C6C36-4786-46F5-8CA9-1C140BBA13BA}.AppStore|iPhoneSimulator.ActiveCfg = Release|Any CPU
		{A48C6C36-4786-46F5-8CA9-1C140BBA13BA}.AppStore|iPhoneSimulator.Build.0 = Release|Any CPU
		{A48C6C36-4786-46F5-8CA9-1C140BBA13BA}.AppStore|iPhoneSimulator.Deploy.0 = Release|Any CPU
		{A48C6C36-4786-46F5-8CA9-1C140BBA13BA}.AppStore|x64.ActiveCfg = Release|Any CPU
		{A48C6C36-4786-46F5-8CA9-1C140BBA13BA}.AppStore|x64.Build.0 = Release|Any CPU
		{A48C6C36-4786-46F5-8CA9-1C140BBA13BA}.AppStore|x64.Deploy.0 = Release|Any CPU
		{A48C6C36-4786-46F5-8CA9-1C140BBA13BA}.AppStore|x86.ActiveCfg = Release|Any CPU
		{A48C6C36-4786-46F5-8CA9-1C140BBA13BA}.AppStore|x86.Build.0 = Release|Any CPU
		{A48C6C36-4786-46F5-8CA9-1C140BBA13BA}.AppStore|x86.Deploy.0 = Release|Any CPU
		{A48C6C36-4786-46F5-8CA9-1C140BBA13BA}.Debug|Any CPU.ActiveCfg = Debug|Any CPU
		{A48C6C36-4786-46F5-8CA9-1C140BBA13BA}.Debug|Any CPU.Build.0 = Debug|Any CPU
		{A48C6C36-4786-46F5-8CA9-1C140BBA13BA}.Debug|Any CPU.Deploy.0 = Debug|Any CPU
		{A48C6C36-4786-46F5-8CA9-1C140BBA13BA}.Debug|ARM.ActiveCfg = Debug|Any CPU
		{A48C6C36-4786-46F5-8CA9-1C140BBA13BA}.Debug|ARM.Build.0 = Debug|Any CPU
		{A48C6C36-4786-46F5-8CA9-1C140BBA13BA}.Debug|ARM.Deploy.0 = Debug|Any CPU
		{A48C6C36-4786-46F5-8CA9-1C140BBA13BA}.Debug|iPhone.ActiveCfg = Debug|Any CPU
		{A48C6C36-4786-46F5-8CA9-1C140BBA13BA}.Debug|iPhone.Build.0 = Debug|Any CPU
		{A48C6C36-4786-46F5-8CA9-1C140BBA13BA}.Debug|iPhone.Deploy.0 = Debug|Any CPU
		{A48C6C36-4786-46F5-8CA9-1C140BBA13BA}.Debug|iPhoneSimulator.ActiveCfg = Debug|Any CPU
		{A48C6C36-4786-46F5-8CA9-1C140BBA13BA}.Debug|iPhoneSimulator.Build.0 = Debug|Any CPU
		{A48C6C36-4786-46F5-8CA9-1C140BBA13BA}.Debug|iPhoneSimulator.Deploy.0 = Debug|Any CPU
		{A48C6C36-4786-46F5-8CA9-1C140BBA13BA}.Debug|x64.ActiveCfg = Debug|Any CPU
		{A48C6C36-4786-46F5-8CA9-1C140BBA13BA}.Debug|x64.Build.0 = Debug|Any CPU
		{A48C6C36-4786-46F5-8CA9-1C140BBA13BA}.Debug|x64.Deploy.0 = Debug|Any CPU
		{A48C6C36-4786-46F5-8CA9-1C140BBA13BA}.Debug|x86.ActiveCfg = Debug|Any CPU
		{A48C6C36-4786-46F5-8CA9-1C140BBA13BA}.Debug|x86.Build.0 = Debug|Any CPU
		{A48C6C36-4786-46F5-8CA9-1C140BBA13BA}.Debug|x86.Deploy.0 = Debug|Any CPU
		{A48C6C36-4786-46F5-8CA9-1C140BBA13BA}.Release|Any CPU.ActiveCfg = Release|Any CPU
		{A48C6C36-4786-46F5-8CA9-1C140BBA13BA}.Release|Any CPU.Build.0 = Release|Any CPU
		{A48C6C36-4786-46F5-8CA9-1C140BBA13BA}.Release|Any CPU.Deploy.0 = Release|Any CPU
		{A48C6C36-4786-46F5-8CA9-1C140BBA13BA}.Release|ARM.ActiveCfg = Release|Any CPU
		{A48C6C36-4786-46F5-8CA9-1C140BBA13BA}.Release|ARM.Build.0 = Release|Any CPU
		{A48C6C36-4786-46F5-8CA9-1C140BBA13BA}.Release|ARM.Deploy.0 = Release|Any CPU
		{A48C6C36-4786-46F5-8CA9-1C140BBA13BA}.Release|iPhone.ActiveCfg = Release|Any CPU
		{A48C6C36-4786-46F5-8CA9-1C140BBA13BA}.Release|iPhone.Build.0 = Release|Any CPU
		{A48C6C36-4786-46F5-8CA9-1C140BBA13BA}.Release|iPhone.Deploy.0 = Release|Any CPU
		{A48C6C36-4786-46F5-8CA9-1C140BBA13BA}.Release|iPhoneSimulator.ActiveCfg = Release|Any CPU
		{A48C6C36-4786-46F5-8CA9-1C140BBA13BA}.Release|iPhoneSimulator.Build.0 = Release|Any CPU
		{A48C6C36-4786-46F5-8CA9-1C140BBA13BA}.Release|iPhoneSimulator.Deploy.0 = Release|Any CPU
		{A48C6C36-4786-46F5-8CA9-1C140BBA13BA}.Release|x64.ActiveCfg = Release|Any CPU
		{A48C6C36-4786-46F5-8CA9-1C140BBA13BA}.Release|x64.Build.0 = Release|Any CPU
		{A48C6C36-4786-46F5-8CA9-1C140BBA13BA}.Release|x64.Deploy.0 = Release|Any CPU
		{A48C6C36-4786-46F5-8CA9-1C140BBA13BA}.Release|x86.ActiveCfg = Release|Any CPU
		{A48C6C36-4786-46F5-8CA9-1C140BBA13BA}.Release|x86.Build.0 = Release|Any CPU
		{A48C6C36-4786-46F5-8CA9-1C140BBA13BA}.Release|x86.Deploy.0 = Release|Any CPU
		{7C45C439-4DDB-4BCC-A17D-65A2C3DB9A17}.Ad-Hoc|Any CPU.ActiveCfg = Release|Any CPU
		{7C45C439-4DDB-4BCC-A17D-65A2C3DB9A17}.Ad-Hoc|Any CPU.Build.0 = Release|Any CPU
		{7C45C439-4DDB-4BCC-A17D-65A2C3DB9A17}.Ad-Hoc|ARM.ActiveCfg = Release|Any CPU
		{7C45C439-4DDB-4BCC-A17D-65A2C3DB9A17}.Ad-Hoc|ARM.Build.0 = Release|Any CPU
		{7C45C439-4DDB-4BCC-A17D-65A2C3DB9A17}.Ad-Hoc|iPhone.ActiveCfg = Release|Any CPU
		{7C45C439-4DDB-4BCC-A17D-65A2C3DB9A17}.Ad-Hoc|iPhone.Build.0 = Release|Any CPU
		{7C45C439-4DDB-4BCC-A17D-65A2C3DB9A17}.Ad-Hoc|iPhoneSimulator.ActiveCfg = Release|Any CPU
		{7C45C439-4DDB-4BCC-A17D-65A2C3DB9A17}.Ad-Hoc|iPhoneSimulator.Build.0 = Release|Any CPU
		{7C45C439-4DDB-4BCC-A17D-65A2C3DB9A17}.Ad-Hoc|x64.ActiveCfg = Release|Any CPU
		{7C45C439-4DDB-4BCC-A17D-65A2C3DB9A17}.Ad-Hoc|x64.Build.0 = Release|Any CPU
		{7C45C439-4DDB-4BCC-A17D-65A2C3DB9A17}.Ad-Hoc|x86.ActiveCfg = Release|Any CPU
		{7C45C439-4DDB-4BCC-A17D-65A2C3DB9A17}.Ad-Hoc|x86.Build.0 = Release|Any CPU
		{7C45C439-4DDB-4BCC-A17D-65A2C3DB9A17}.AppStore|Any CPU.ActiveCfg = Release|Any CPU
		{7C45C439-4DDB-4BCC-A17D-65A2C3DB9A17}.AppStore|Any CPU.Build.0 = Release|Any CPU
		{7C45C439-4DDB-4BCC-A17D-65A2C3DB9A17}.AppStore|ARM.ActiveCfg = Release|Any CPU
		{7C45C439-4DDB-4BCC-A17D-65A2C3DB9A17}.AppStore|ARM.Build.0 = Release|Any CPU
		{7C45C439-4DDB-4BCC-A17D-65A2C3DB9A17}.AppStore|iPhone.ActiveCfg = Release|Any CPU
		{7C45C439-4DDB-4BCC-A17D-65A2C3DB9A17}.AppStore|iPhone.Build.0 = Release|Any CPU
		{7C45C439-4DDB-4BCC-A17D-65A2C3DB9A17}.AppStore|iPhoneSimulator.ActiveCfg = Release|Any CPU
		{7C45C439-4DDB-4BCC-A17D-65A2C3DB9A17}.AppStore|iPhoneSimulator.Build.0 = Release|Any CPU
		{7C45C439-4DDB-4BCC-A17D-65A2C3DB9A17}.AppStore|x64.ActiveCfg = Release|Any CPU
		{7C45C439-4DDB-4BCC-A17D-65A2C3DB9A17}.AppStore|x64.Build.0 = Release|Any CPU
		{7C45C439-4DDB-4BCC-A17D-65A2C3DB9A17}.AppStore|x86.ActiveCfg = Release|Any CPU
		{7C45C439-4DDB-4BCC-A17D-65A2C3DB9A17}.AppStore|x86.Build.0 = Release|Any CPU
		{7C45C439-4DDB-4BCC-A17D-65A2C3DB9A17}.Debug|Any CPU.ActiveCfg = Debug|Any CPU
		{7C45C439-4DDB-4BCC-A17D-65A2C3DB9A17}.Debug|Any CPU.Build.0 = Debug|Any CPU
		{7C45C439-4DDB-4BCC-A17D-65A2C3DB9A17}.Debug|ARM.ActiveCfg = Debug|Any CPU
		{7C45C439-4DDB-4BCC-A17D-65A2C3DB9A17}.Debug|ARM.Build.0 = Debug|Any CPU
		{7C45C439-4DDB-4BCC-A17D-65A2C3DB9A17}.Debug|iPhone.ActiveCfg = Debug|Any CPU
		{7C45C439-4DDB-4BCC-A17D-65A2C3DB9A17}.Debug|iPhone.Build.0 = Debug|Any CPU
		{7C45C439-4DDB-4BCC-A17D-65A2C3DB9A17}.Debug|iPhoneSimulator.ActiveCfg = Debug|Any CPU
		{7C45C439-4DDB-4BCC-A17D-65A2C3DB9A17}.Debug|iPhoneSimulator.Build.0 = Debug|Any CPU
		{7C45C439-4DDB-4BCC-A17D-65A2C3DB9A17}.Debug|x64.ActiveCfg = Debug|Any CPU
		{7C45C439-4DDB-4BCC-A17D-65A2C3DB9A17}.Debug|x64.Build.0 = Debug|Any CPU
		{7C45C439-4DDB-4BCC-A17D-65A2C3DB9A17}.Debug|x86.ActiveCfg = Debug|Any CPU
		{7C45C439-4DDB-4BCC-A17D-65A2C3DB9A17}.Debug|x86.Build.0 = Debug|Any CPU
		{7C45C439-4DDB-4BCC-A17D-65A2C3DB9A17}.Release|Any CPU.ActiveCfg = Release|Any CPU
		{7C45C439-4DDB-4BCC-A17D-65A2C3DB9A17}.Release|Any CPU.Build.0 = Release|Any CPU
		{7C45C439-4DDB-4BCC-A17D-65A2C3DB9A17}.Release|ARM.ActiveCfg = Release|Any CPU
		{7C45C439-4DDB-4BCC-A17D-65A2C3DB9A17}.Release|ARM.Build.0 = Release|Any CPU
		{7C45C439-4DDB-4BCC-A17D-65A2C3DB9A17}.Release|iPhone.ActiveCfg = Release|Any CPU
		{7C45C439-4DDB-4BCC-A17D-65A2C3DB9A17}.Release|iPhone.Build.0 = Release|Any CPU
		{7C45C439-4DDB-4BCC-A17D-65A2C3DB9A17}.Release|iPhoneSimulator.ActiveCfg = Release|Any CPU
		{7C45C439-4DDB-4BCC-A17D-65A2C3DB9A17}.Release|iPhoneSimulator.Build.0 = Release|Any CPU
		{7C45C439-4DDB-4BCC-A17D-65A2C3DB9A17}.Release|x64.ActiveCfg = Release|Any CPU
		{7C45C439-4DDB-4BCC-A17D-65A2C3DB9A17}.Release|x64.Build.0 = Release|Any CPU
		{7C45C439-4DDB-4BCC-A17D-65A2C3DB9A17}.Release|x86.ActiveCfg = Release|Any CPU
		{7C45C439-4DDB-4BCC-A17D-65A2C3DB9A17}.Release|x86.Build.0 = Release|Any CPU
		{67DAD5D0-7A92-4FFC-BE9A-4AF8494B1936}.Ad-Hoc|Any CPU.ActiveCfg = Release|x86
		{67DAD5D0-7A92-4FFC-BE9A-4AF8494B1936}.Ad-Hoc|Any CPU.Build.0 = Release|x86
		{67DAD5D0-7A92-4FFC-BE9A-4AF8494B1936}.Ad-Hoc|Any CPU.Deploy.0 = Release|x86
		{67DAD5D0-7A92-4FFC-BE9A-4AF8494B1936}.Ad-Hoc|ARM.ActiveCfg = Release|ARM
		{67DAD5D0-7A92-4FFC-BE9A-4AF8494B1936}.Ad-Hoc|ARM.Build.0 = Release|ARM
		{67DAD5D0-7A92-4FFC-BE9A-4AF8494B1936}.Ad-Hoc|ARM.Deploy.0 = Release|ARM
		{67DAD5D0-7A92-4FFC-BE9A-4AF8494B1936}.Ad-Hoc|iPhone.ActiveCfg = Release|x86
		{67DAD5D0-7A92-4FFC-BE9A-4AF8494B1936}.Ad-Hoc|iPhone.Build.0 = Release|x86
		{67DAD5D0-7A92-4FFC-BE9A-4AF8494B1936}.Ad-Hoc|iPhone.Deploy.0 = Release|x86
		{67DAD5D0-7A92-4FFC-BE9A-4AF8494B1936}.Ad-Hoc|iPhoneSimulator.ActiveCfg = Release|x86
		{67DAD5D0-7A92-4FFC-BE9A-4AF8494B1936}.Ad-Hoc|iPhoneSimulator.Build.0 = Release|x86
		{67DAD5D0-7A92-4FFC-BE9A-4AF8494B1936}.Ad-Hoc|iPhoneSimulator.Deploy.0 = Release|x86
		{67DAD5D0-7A92-4FFC-BE9A-4AF8494B1936}.Ad-Hoc|x64.ActiveCfg = Release|x64
		{67DAD5D0-7A92-4FFC-BE9A-4AF8494B1936}.Ad-Hoc|x64.Build.0 = Release|x64
		{67DAD5D0-7A92-4FFC-BE9A-4AF8494B1936}.Ad-Hoc|x64.Deploy.0 = Release|x64
		{67DAD5D0-7A92-4FFC-BE9A-4AF8494B1936}.Ad-Hoc|x86.ActiveCfg = Release|x86
		{67DAD5D0-7A92-4FFC-BE9A-4AF8494B1936}.Ad-Hoc|x86.Build.0 = Release|x86
		{67DAD5D0-7A92-4FFC-BE9A-4AF8494B1936}.Ad-Hoc|x86.Deploy.0 = Release|x86
		{67DAD5D0-7A92-4FFC-BE9A-4AF8494B1936}.AppStore|Any CPU.ActiveCfg = Release|x86
		{67DAD5D0-7A92-4FFC-BE9A-4AF8494B1936}.AppStore|Any CPU.Build.0 = Release|x86
		{67DAD5D0-7A92-4FFC-BE9A-4AF8494B1936}.AppStore|Any CPU.Deploy.0 = Release|x86
		{67DAD5D0-7A92-4FFC-BE9A-4AF8494B1936}.AppStore|ARM.ActiveCfg = Release|ARM
		{67DAD5D0-7A92-4FFC-BE9A-4AF8494B1936}.AppStore|ARM.Build.0 = Release|ARM
		{67DAD5D0-7A92-4FFC-BE9A-4AF8494B1936}.AppStore|ARM.Deploy.0 = Release|ARM
		{67DAD5D0-7A92-4FFC-BE9A-4AF8494B1936}.AppStore|iPhone.ActiveCfg = Release|x86
		{67DAD5D0-7A92-4FFC-BE9A-4AF8494B1936}.AppStore|iPhone.Build.0 = Release|x86
		{67DAD5D0-7A92-4FFC-BE9A-4AF8494B1936}.AppStore|iPhone.Deploy.0 = Release|x86
		{67DAD5D0-7A92-4FFC-BE9A-4AF8494B1936}.AppStore|iPhoneSimulator.ActiveCfg = Release|x86
		{67DAD5D0-7A92-4FFC-BE9A-4AF8494B1936}.AppStore|iPhoneSimulator.Build.0 = Release|x86
		{67DAD5D0-7A92-4FFC-BE9A-4AF8494B1936}.AppStore|iPhoneSimulator.Deploy.0 = Release|x86
		{67DAD5D0-7A92-4FFC-BE9A-4AF8494B1936}.AppStore|x64.ActiveCfg = Release|x64
		{67DAD5D0-7A92-4FFC-BE9A-4AF8494B1936}.AppStore|x64.Build.0 = Release|x64
		{67DAD5D0-7A92-4FFC-BE9A-4AF8494B1936}.AppStore|x64.Deploy.0 = Release|x64
		{67DAD5D0-7A92-4FFC-BE9A-4AF8494B1936}.AppStore|x86.ActiveCfg = Release|x86
		{67DAD5D0-7A92-4FFC-BE9A-4AF8494B1936}.AppStore|x86.Build.0 = Release|x86
		{67DAD5D0-7A92-4FFC-BE9A-4AF8494B1936}.AppStore|x86.Deploy.0 = Release|x86
		{67DAD5D0-7A92-4FFC-BE9A-4AF8494B1936}.Debug|Any CPU.ActiveCfg = Debug|x86
		{67DAD5D0-7A92-4FFC-BE9A-4AF8494B1936}.Debug|ARM.ActiveCfg = Debug|ARM
		{67DAD5D0-7A92-4FFC-BE9A-4AF8494B1936}.Debug|ARM.Build.0 = Debug|ARM
		{67DAD5D0-7A92-4FFC-BE9A-4AF8494B1936}.Debug|ARM.Deploy.0 = Debug|ARM
		{67DAD5D0-7A92-4FFC-BE9A-4AF8494B1936}.Debug|iPhone.ActiveCfg = Debug|x86
		{67DAD5D0-7A92-4FFC-BE9A-4AF8494B1936}.Debug|iPhoneSimulator.ActiveCfg = Debug|x86
		{67DAD5D0-7A92-4FFC-BE9A-4AF8494B1936}.Debug|x64.ActiveCfg = Debug|x64
		{67DAD5D0-7A92-4FFC-BE9A-4AF8494B1936}.Debug|x64.Build.0 = Debug|x64
		{67DAD5D0-7A92-4FFC-BE9A-4AF8494B1936}.Debug|x64.Deploy.0 = Debug|x64
		{67DAD5D0-7A92-4FFC-BE9A-4AF8494B1936}.Debug|x86.ActiveCfg = Debug|x86
		{67DAD5D0-7A92-4FFC-BE9A-4AF8494B1936}.Debug|x86.Build.0 = Debug|x86
		{67DAD5D0-7A92-4FFC-BE9A-4AF8494B1936}.Debug|x86.Deploy.0 = Debug|x86
		{67DAD5D0-7A92-4FFC-BE9A-4AF8494B1936}.Release|Any CPU.ActiveCfg = Release|x86
		{67DAD5D0-7A92-4FFC-BE9A-4AF8494B1936}.Release|ARM.ActiveCfg = Release|ARM
		{67DAD5D0-7A92-4FFC-BE9A-4AF8494B1936}.Release|ARM.Build.0 = Release|ARM
		{67DAD5D0-7A92-4FFC-BE9A-4AF8494B1936}.Release|ARM.Deploy.0 = Release|ARM
		{67DAD5D0-7A92-4FFC-BE9A-4AF8494B1936}.Release|iPhone.ActiveCfg = Release|x86
		{67DAD5D0-7A92-4FFC-BE9A-4AF8494B1936}.Release|iPhoneSimulator.ActiveCfg = Release|x86
		{67DAD5D0-7A92-4FFC-BE9A-4AF8494B1936}.Release|x64.ActiveCfg = Release|x64
		{67DAD5D0-7A92-4FFC-BE9A-4AF8494B1936}.Release|x64.Build.0 = Release|x64
		{67DAD5D0-7A92-4FFC-BE9A-4AF8494B1936}.Release|x64.Deploy.0 = Release|x64
		{67DAD5D0-7A92-4FFC-BE9A-4AF8494B1936}.Release|x86.ActiveCfg = Release|x86
		{67DAD5D0-7A92-4FFC-BE9A-4AF8494B1936}.Release|x86.Build.0 = Release|x86
		{67DAD5D0-7A92-4FFC-BE9A-4AF8494B1936}.Release|x86.Deploy.0 = Release|x86
		{0488CE25-ECA5-490A-8F66-2CD7633717A0}.Ad-Hoc|Any CPU.ActiveCfg = Ad-Hoc|iPhone
		{0488CE25-ECA5-490A-8F66-2CD7633717A0}.Ad-Hoc|ARM.ActiveCfg = Ad-Hoc|iPhone
		{0488CE25-ECA5-490A-8F66-2CD7633717A0}.Ad-Hoc|iPhone.ActiveCfg = Ad-Hoc|iPhone
		{0488CE25-ECA5-490A-8F66-2CD7633717A0}.Ad-Hoc|iPhone.Build.0 = Ad-Hoc|iPhone
		{0488CE25-ECA5-490A-8F66-2CD7633717A0}.Ad-Hoc|iPhoneSimulator.ActiveCfg = Ad-Hoc|iPhoneSimulator
		{0488CE25-ECA5-490A-8F66-2CD7633717A0}.Ad-Hoc|iPhoneSimulator.Build.0 = Ad-Hoc|iPhoneSimulator
		{0488CE25-ECA5-490A-8F66-2CD7633717A0}.Ad-Hoc|x64.ActiveCfg = Ad-Hoc|iPhone
		{0488CE25-ECA5-490A-8F66-2CD7633717A0}.Ad-Hoc|x86.ActiveCfg = Ad-Hoc|iPhone
		{0488CE25-ECA5-490A-8F66-2CD7633717A0}.AppStore|Any CPU.ActiveCfg = AppStore|iPhone
		{0488CE25-ECA5-490A-8F66-2CD7633717A0}.AppStore|ARM.ActiveCfg = AppStore|iPhone
		{0488CE25-ECA5-490A-8F66-2CD7633717A0}.AppStore|iPhone.ActiveCfg = AppStore|iPhone
		{0488CE25-ECA5-490A-8F66-2CD7633717A0}.AppStore|iPhone.Build.0 = AppStore|iPhone
		{0488CE25-ECA5-490A-8F66-2CD7633717A0}.AppStore|iPhoneSimulator.ActiveCfg = AppStore|iPhoneSimulator
		{0488CE25-ECA5-490A-8F66-2CD7633717A0}.AppStore|iPhoneSimulator.Build.0 = AppStore|iPhoneSimulator
		{0488CE25-ECA5-490A-8F66-2CD7633717A0}.AppStore|x64.ActiveCfg = AppStore|iPhone
		{0488CE25-ECA5-490A-8F66-2CD7633717A0}.AppStore|x86.ActiveCfg = AppStore|iPhone
		{0488CE25-ECA5-490A-8F66-2CD7633717A0}.Debug|Any CPU.ActiveCfg = Debug|iPhone
		{0488CE25-ECA5-490A-8F66-2CD7633717A0}.Debug|ARM.ActiveCfg = Debug|iPhone
		{0488CE25-ECA5-490A-8F66-2CD7633717A0}.Debug|iPhone.ActiveCfg = Debug|iPhone
		{0488CE25-ECA5-490A-8F66-2CD7633717A0}.Debug|iPhone.Build.0 = Debug|iPhone
		{0488CE25-ECA5-490A-8F66-2CD7633717A0}.Debug|iPhoneSimulator.ActiveCfg = Debug|iPhoneSimulator
		{0488CE25-ECA5-490A-8F66-2CD7633717A0}.Debug|iPhoneSimulator.Build.0 = Debug|iPhoneSimulator
		{0488CE25-ECA5-490A-8F66-2CD7633717A0}.Debug|x64.ActiveCfg = Debug|iPhone
		{0488CE25-ECA5-490A-8F66-2CD7633717A0}.Debug|x86.ActiveCfg = Debug|iPhone
		{0488CE25-ECA5-490A-8F66-2CD7633717A0}.Release|Any CPU.ActiveCfg = Release|iPhone
		{0488CE25-ECA5-490A-8F66-2CD7633717A0}.Release|ARM.ActiveCfg = Release|iPhone
		{0488CE25-ECA5-490A-8F66-2CD7633717A0}.Release|iPhone.ActiveCfg = Release|iPhone
		{0488CE25-ECA5-490A-8F66-2CD7633717A0}.Release|iPhone.Build.0 = Release|iPhone
		{0488CE25-ECA5-490A-8F66-2CD7633717A0}.Release|iPhoneSimulator.ActiveCfg = Release|iPhoneSimulator
		{0488CE25-ECA5-490A-8F66-2CD7633717A0}.Release|iPhoneSimulator.Build.0 = Release|iPhoneSimulator
		{0488CE25-ECA5-490A-8F66-2CD7633717A0}.Release|x64.ActiveCfg = Release|iPhone
		{0488CE25-ECA5-490A-8F66-2CD7633717A0}.Release|x86.ActiveCfg = Release|iPhone
	EndGlobalSection
	GlobalSection(SolutionProperties) = preSolution
		HideSolutionNode = FALSE
	EndGlobalSection
EndGlobal
