
Microsoft Visual Studio Solution File, Format Version 12.00
# Visual Studio 15
VisualStudioVersion = 15.0.26430.13
MinimumVisualStudioVersion = 10.0.40219.1
Project("{FAE04EC0-301F-11D3-BF4B-00C04F79EFBC}") = "SimpleButton.Android", "SimpleButton\SimpleButton.Android\SimpleButton.Android.csproj", "{C560B251-B426-4439-88AC-18A572EEEA8D}"
EndProject
Project("{FAE04EC0-301F-11D3-BF4B-00C04F79EFBC}") = "SimpleButton", "SimpleButton\SimpleButton\SimpleButton.csproj", "{4555E3D2-8763-4547-9DD5-B7B124D95E9A}"
EndProject
Project("{FAE04EC0-301F-11D3-BF4B-00C04F79EFBC}") = "SimpleButton.UWP", "SimpleButton\SimpleButton.UWP\SimpleButton.UWP.csproj", "{877676AA-9094-4603-A3E6-A4E7A3B32964}"
EndProject
Project("{FAE04EC0-301F-11D3-BF4B-00C04F79EFBC}") = "SimpleButton.iOS", "SimpleButton\SimpleButton.iOS\SimpleButton.iOS.csproj", "{A302D381-5EF5-4095-A79D-7CB6D4D12696}"
EndProject
Global
	GlobalSection(SolutionConfigurationPlatforms) = preSolution
		Ad-Hoc|Any CPU = Ad-Hoc|Any CPU
		Ad-Hoc|ARM = Ad-Hoc|ARM
		Ad-Hoc|iPhone = Ad-Hoc|iPhone
		Ad-Hoc|iPhoneSimulator = Ad-Hoc|iPhoneSimulator
		Ad-Hoc|x64 = Ad-Hoc|x64
		Ad-Hoc|x86 = Ad-Hoc|x86
		AppStore|Any CPU = AppStore|Any CPU
		AppStore|ARM = AppStore|ARM
		AppStore|iPhone = AppStore|iPhone
		AppStore|iPhoneSimulator = AppStore|iPhoneSimulator
		AppStore|x64 = AppStore|x64
		AppStore|x86 = AppStore|x86
		Debug|Any CPU = Debug|Any CPU
		Debug|ARM = Debug|ARM
		Debug|iPhone = Debug|iPhone
		Debug|iPhoneSimulator = Debug|iPhoneSimulator
		Debug|x64 = Debug|x64
		Debug|x86 = Debug|x86
		Release|Any CPU = Release|Any CPU
		Release|ARM = Release|ARM
		Release|iPhone = Release|iPhone
		Release|iPhoneSimulator = Release|iPhoneSimulator
		Release|x64 = Release|x64
		Release|x86 = Release|x86
	EndGlobalSection
	GlobalSection(ProjectConfigurationPlatforms) = postSolution
		{C560B251-B426-4439-88AC-18A572EEEA8D}.Ad-Hoc|Any CPU.ActiveCfg = Release|Any CPU
		{C560B251-B426-4439-88AC-18A572EEEA8D}.Ad-Hoc|Any CPU.Build.0 = Release|Any CPU
		{C560B251-B426-4439-88AC-18A572EEEA8D}.Ad-Hoc|Any CPU.Deploy.0 = Release|Any CPU
		{C560B251-B426-4439-88AC-18A572EEEA8D}.Ad-Hoc|ARM.ActiveCfg = Release|Any CPU
		{C560B251-B426-4439-88AC-18A572EEEA8D}.Ad-Hoc|ARM.Build.0 = Release|Any CPU
		{C560B251-B426-4439-88AC-18A572EEEA8D}.Ad-Hoc|ARM.Deploy.0 = Release|Any CPU
		{C560B251-B426-4439-88AC-18A572EEEA8D}.Ad-Hoc|iPhone.ActiveCfg = Release|Any CPU
		{C560B251-B426-4439-88AC-18A572EEEA8D}.Ad-Hoc|iPhone.Build.0 = Release|Any CPU
		{C560B251-B426-4439-88AC-18A572EEEA8D}.Ad-Hoc|iPhone.Deploy.0 = Release|Any CPU
		{C560B251-B426-4439-88AC-18A572EEEA8D}.Ad-Hoc|iPhoneSimulator.ActiveCfg = Release|Any CPU
		{C560B251-B426-4439-88AC-18A572EEEA8D}.Ad-Hoc|iPhoneSimulator.Build.0 = Release|Any CPU
		{C560B251-B426-4439-88AC-18A572EEEA8D}.Ad-Hoc|iPhoneSimulator.Deploy.0 = Release|Any CPU
		{C560B251-B426-4439-88AC-18A572EEEA8D}.Ad-Hoc|x64.ActiveCfg = Release|Any CPU
		{C560B251-B426-4439-88AC-18A572EEEA8D}.Ad-Hoc|x64.Build.0 = Release|Any CPU
		{C560B251-B426-4439-88AC-18A572EEEA8D}.Ad-Hoc|x64.Deploy.0 = Release|Any CPU
		{C560B251-B426-4439-88AC-18A572EEEA8D}.Ad-Hoc|x86.ActiveCfg = Release|Any CPU
		{C560B251-B426-4439-88AC-18A572EEEA8D}.Ad-Hoc|x86.Build.0 = Release|Any CPU
		{C560B251-B426-4439-88AC-18A572EEEA8D}.Ad-Hoc|x86.Deploy.0 = Release|Any CPU
		{C560B251-B426-4439-88AC-18A572EEEA8D}.AppStore|Any CPU.ActiveCfg = Release|Any CPU
		{C560B251-B426-4439-88AC-18A572EEEA8D}.AppStore|Any CPU.Build.0 = Release|Any CPU
		{C560B251-B426-4439-88AC-18A572EEEA8D}.AppStore|Any CPU.Deploy.0 = Release|Any CPU
		{C560B251-B426-4439-88AC-18A572EEEA8D}.AppStore|ARM.ActiveCfg = Release|Any CPU
		{C560B251-B426-4439-88AC-18A572EEEA8D}.AppStore|ARM.Build.0 = Release|Any CPU
		{C560B251-B426-4439-88AC-18A572EEEA8D}.AppStore|ARM.Deploy.0 = Release|Any CPU
		{C560B251-B426-4439-88AC-18A572EEEA8D}.AppStore|iPhone.ActiveCfg = Release|Any CPU
		{C560B251-B426-4439-88AC-18A572EEEA8D}.AppStore|iPhone.Build.0 = Release|Any CPU
		{C560B251-B426-4439-88AC-18A572EEEA8D}.AppStore|iPhone.Deploy.0 = Release|Any CPU
		{C560B251-B426-4439-88AC-18A572EEEA8D}.AppStore|iPhoneSimulator.ActiveCfg = Release|Any CPU
		{C560B251-B426-4439-88AC-18A572EEEA8D}.AppStore|iPhoneSimulator.Build.0 = Release|Any CPU
		{C560B251-B426-4439-88AC-18A572EEEA8D}.AppStore|iPhoneSimulator.Deploy.0 = Release|Any CPU
		{C560B251-B426-4439-88AC-18A572EEEA8D}.AppStore|x64.ActiveCfg = Release|Any CPU
		{C560B251-B426-4439-88AC-18A572EEEA8D}.AppStore|x64.Build.0 = Release|Any CPU
		{C560B251-B426-4439-88AC-18A572EEEA8D}.AppStore|x64.Deploy.0 = Release|Any CPU
		{C560B251-B426-4439-88AC-18A572EEEA8D}.AppStore|x86.ActiveCfg = Release|Any CPU
		{C560B251-B426-4439-88AC-18A572EEEA8D}.AppStore|x86.Build.0 = Release|Any CPU
		{C560B251-B426-4439-88AC-18A572EEEA8D}.AppStore|x86.Deploy.0 = Release|Any CPU
		{C560B251-B426-4439-88AC-18A572EEEA8D}.Debug|Any CPU.ActiveCfg = Debug|Any CPU
		{C560B251-B426-4439-88AC-18A572EEEA8D}.Debug|Any CPU.Build.0 = Debug|Any CPU
		{C560B251-B426-4439-88AC-18A572EEEA8D}.Debug|Any CPU.Deploy.0 = Debug|Any CPU
		{C560B251-B426-4439-88AC-18A572EEEA8D}.Debug|ARM.ActiveCfg = Debug|Any CPU
		{C560B251-B426-4439-88AC-18A572EEEA8D}.Debug|ARM.Build.0 = Debug|Any CPU
		{C560B251-B426-4439-88AC-18A572EEEA8D}.Debug|ARM.Deploy.0 = Debug|Any CPU
		{C560B251-B426-4439-88AC-18A572EEEA8D}.Debug|iPhone.ActiveCfg = Debug|Any CPU
		{C560B251-B426-4439-88AC-18A572EEEA8D}.Debug|iPhone.Build.0 = Debug|Any CPU
		{C560B251-B426-4439-88AC-18A572EEEA8D}.Debug|iPhone.Deploy.0 = Debug|Any CPU
		{C560B251-B426-4439-88AC-18A572EEEA8D}.Debug|iPhoneSimulator.ActiveCfg = Debug|Any CPU
		{C560B251-B426-4439-88AC-18A572EEEA8D}.Debug|iPhoneSimulator.Build.0 = Debug|Any CPU
		{C560B251-B426-4439-88AC-18A572EEEA8D}.Debug|iPhoneSimulator.Deploy.0 = Debug|Any CPU
		{C560B251-B426-4439-88AC-18A572EEEA8D}.Debug|x64.ActiveCfg = Debug|Any CPU
		{C560B251-B426-4439-88AC-18A572EEEA8D}.Debug|x64.Build.0 = Debug|Any CPU
		{C560B251-B426-4439-88AC-18A572EEEA8D}.Debug|x64.Deploy.0 = Debug|Any CPU
		{C560B251-B426-4439-88AC-18A572EEEA8D}.Debug|x86.ActiveCfg = Debug|Any CPU
		{C560B251-B426-4439-88AC-18A572EEEA8D}.Debug|x86.Build.0 = Debug|Any CPU
		{C560B251-B426-4439-88AC-18A572EEEA8D}.Debug|x86.Deploy.0 = Debug|Any CPU
		{C560B251-B426-4439-88AC-18A572EEEA8D}.Release|Any CPU.ActiveCfg = Release|Any CPU
		{C560B251-B426-4439-88AC-18A572EEEA8D}.Release|Any CPU.Build.0 = Release|Any CPU
		{C560B251-B426-4439-88AC-18A572EEEA8D}.Release|Any CPU.Deploy.0 = Release|Any CPU
		{C560B251-B426-4439-88AC-18A572EEEA8D}.Release|ARM.ActiveCfg = Release|Any CPU
		{C560B251-B426-4439-88AC-18A572EEEA8D}.Release|ARM.Build.0 = Release|Any CPU
		{C560B251-B426-4439-88AC-18A572EEEA8D}.Release|ARM.Deploy.0 = Release|Any CPU
		{C560B251-B426-4439-88AC-18A572EEEA8D}.Release|iPhone.ActiveCfg = Release|Any CPU
		{C560B251-B426-4439-88AC-18A572EEEA8D}.Release|iPhone.Build.0 = Release|Any CPU
		{C560B251-B426-4439-88AC-18A572EEEA8D}.Release|iPhone.Deploy.0 = Release|Any CPU
		{C560B251-B426-4439-88AC-18A572EEEA8D}.Release|iPhoneSimulator.ActiveCfg = Release|Any CPU
		{C560B251-B426-4439-88AC-18A572EEEA8D}.Release|iPhoneSimulator.Build.0 = Release|Any CPU
		{C560B251-B426-4439-88AC-18A572EEEA8D}.Release|iPhoneSimulator.Deploy.0 = Release|Any CPU
		{C560B251-B426-4439-88AC-18A572EEEA8D}.Release|x64.ActiveCfg = Release|Any CPU
		{C560B251-B426-4439-88AC-18A572EEEA8D}.Release|x64.Build.0 = Release|Any CPU
		{C560B251-B426-4439-88AC-18A572EEEA8D}.Release|x64.Deploy.0 = Release|Any CPU
		{C560B251-B426-4439-88AC-18A572EEEA8D}.Release|x86.ActiveCfg = Release|Any CPU
		{C560B251-B426-4439-88AC-18A572EEEA8D}.Release|x86.Build.0 = Release|Any CPU
		{C560B251-B426-4439-88AC-18A572EEEA8D}.Release|x86.Deploy.0 = Release|Any CPU
		{4555E3D2-8763-4547-9DD5-B7B124D95E9A}.Ad-Hoc|Any CPU.ActiveCfg = Release|Any CPU
		{4555E3D2-8763-4547-9DD5-B7B124D95E9A}.Ad-Hoc|Any CPU.Build.0 = Release|Any CPU
		{4555E3D2-8763-4547-9DD5-B7B124D95E9A}.Ad-Hoc|ARM.ActiveCfg = Release|Any CPU
		{4555E3D2-8763-4547-9DD5-B7B124D95E9A}.Ad-Hoc|ARM.Build.0 = Release|Any CPU
		{4555E3D2-8763-4547-9DD5-B7B124D95E9A}.Ad-Hoc|iPhone.ActiveCfg = Release|Any CPU
		{4555E3D2-8763-4547-9DD5-B7B124D95E9A}.Ad-Hoc|iPhone.Build.0 = Release|Any CPU
		{4555E3D2-8763-4547-9DD5-B7B124D95E9A}.Ad-Hoc|iPhoneSimulator.ActiveCfg = Release|Any CPU
		{4555E3D2-8763-4547-9DD5-B7B124D95E9A}.Ad-Hoc|iPhoneSimulator.Build.0 = Release|Any CPU
		{4555E3D2-8763-4547-9DD5-B7B124D95E9A}.Ad-Hoc|x64.ActiveCfg = Release|Any CPU
		{4555E3D2-8763-4547-9DD5-B7B124D95E9A}.Ad-Hoc|x64.Build.0 = Release|Any CPU
		{4555E3D2-8763-4547-9DD5-B7B124D95E9A}.Ad-Hoc|x86.ActiveCfg = Release|Any CPU
		{4555E3D2-8763-4547-9DD5-B7B124D95E9A}.Ad-Hoc|x86.Build.0 = Release|Any CPU
		{4555E3D2-8763-4547-9DD5-B7B124D95E9A}.AppStore|Any CPU.ActiveCfg = Release|Any CPU
		{4555E3D2-8763-4547-9DD5-B7B124D95E9A}.AppStore|Any CPU.Build.0 = Release|Any CPU
		{4555E3D2-8763-4547-9DD5-B7B124D95E9A}.AppStore|ARM.ActiveCfg = Release|Any CPU
		{4555E3D2-8763-4547-9DD5-B7B124D95E9A}.AppStore|ARM.Build.0 = Release|Any CPU
		{4555E3D2-8763-4547-9DD5-B7B124D95E9A}.AppStore|iPhone.ActiveCfg = Release|Any CPU
		{4555E3D2-8763-4547-9DD5-B7B124D95E9A}.AppStore|iPhone.Build.0 = Release|Any CPU
		{4555E3D2-8763-4547-9DD5-B7B124D95E9A}.AppStore|iPhoneSimulator.ActiveCfg = Release|Any CPU
		{4555E3D2-8763-4547-9DD5-B7B124D95E9A}.AppStore|iPhoneSimulator.Build.0 = Release|Any CPU
		{4555E3D2-8763-4547-9DD5-B7B124D95E9A}.AppStore|x64.ActiveCfg = Release|Any CPU
		{4555E3D2-8763-4547-9DD5-B7B124D95E9A}.AppStore|x64.Build.0 = Release|Any CPU
		{4555E3D2-8763-4547-9DD5-B7B124D95E9A}.AppStore|x86.ActiveCfg = Release|Any CPU
		{4555E3D2-8763-4547-9DD5-B7B124D95E9A}.AppStore|x86.Build.0 = Release|Any CPU
		{4555E3D2-8763-4547-9DD5-B7B124D95E9A}.Debug|Any CPU.ActiveCfg = Debug|Any CPU
		{4555E3D2-8763-4547-9DD5-B7B124D95E9A}.Debug|Any CPU.Build.0 = Debug|Any CPU
		{4555E3D2-8763-4547-9DD5-B7B124D95E9A}.Debug|ARM.ActiveCfg = Debug|Any CPU
		{4555E3D2-8763-4547-9DD5-B7B124D95E9A}.Debug|ARM.Build.0 = Debug|Any CPU
		{4555E3D2-8763-4547-9DD5-B7B124D95E9A}.Debug|iPhone.ActiveCfg = Debug|Any CPU
		{4555E3D2-8763-4547-9DD5-B7B124D95E9A}.Debug|iPhone.Build.0 = Debug|Any CPU
		{4555E3D2-8763-4547-9DD5-B7B124D95E9A}.Debug|iPhoneSimulator.ActiveCfg = Debug|Any CPU
		{4555E3D2-8763-4547-9DD5-B7B124D95E9A}.Debug|iPhoneSimulator.Build.0 = Debug|Any CPU
		{4555E3D2-8763-4547-9DD5-B7B124D95E9A}.Debug|x64.ActiveCfg = Debug|Any CPU
		{4555E3D2-8763-4547-9DD5-B7B124D95E9A}.Debug|x64.Build.0 = Debug|Any CPU
		{4555E3D2-8763-4547-9DD5-B7B124D95E9A}.Debug|x86.ActiveCfg = Debug|Any CPU
		{4555E3D2-8763-4547-9DD5-B7B124D95E9A}.Debug|x86.Build.0 = Debug|Any CPU
		{4555E3D2-8763-4547-9DD5-B7B124D95E9A}.Release|Any CPU.ActiveCfg = Release|Any CPU
		{4555E3D2-8763-4547-9DD5-B7B124D95E9A}.Release|Any CPU.Build.0 = Release|Any CPU
		{4555E3D2-8763-4547-9DD5-B7B124D95E9A}.Release|ARM.ActiveCfg = Release|Any CPU
		{4555E3D2-8763-4547-9DD5-B7B124D95E9A}.Release|ARM.Build.0 = Release|Any CPU
		{4555E3D2-8763-4547-9DD5-B7B124D95E9A}.Release|iPhone.ActiveCfg = Release|Any CPU
		{4555E3D2-8763-4547-9DD5-B7B124D95E9A}.Release|iPhone.Build.0 = Release|Any CPU
		{4555E3D2-8763-4547-9DD5-B7B124D95E9A}.Release|iPhoneSimulator.ActiveCfg = Release|Any CPU
		{4555E3D2-8763-4547-9DD5-B7B124D95E9A}.Release|iPhoneSimulator.Build.0 = Release|Any CPU
		{4555E3D2-8763-4547-9DD5-B7B124D95E9A}.Release|x64.ActiveCfg = Release|Any CPU
		{4555E3D2-8763-4547-9DD5-B7B124D95E9A}.Release|x64.Build.0 = Release|Any CPU
		{4555E3D2-8763-4547-9DD5-B7B124D95E9A}.Release|x86.ActiveCfg = Release|Any CPU
		{4555E3D2-8763-4547-9DD5-B7B124D95E9A}.Release|x86.Build.0 = Release|Any CPU
		{877676AA-9094-4603-A3E6-A4E7A3B32964}.Ad-Hoc|Any CPU.ActiveCfg = Release|x86
		{877676AA-9094-4603-A3E6-A4E7A3B32964}.Ad-Hoc|Any CPU.Build.0 = Release|x86
		{877676AA-9094-4603-A3E6-A4E7A3B32964}.Ad-Hoc|Any CPU.Deploy.0 = Release|x86
		{877676AA-9094-4603-A3E6-A4E7A3B32964}.Ad-Hoc|ARM.ActiveCfg = Release|ARM
		{877676AA-9094-4603-A3E6-A4E7A3B32964}.Ad-Hoc|ARM.Build.0 = Release|ARM
		{877676AA-9094-4603-A3E6-A4E7A3B32964}.Ad-Hoc|ARM.Deploy.0 = Release|ARM
		{877676AA-9094-4603-A3E6-A4E7A3B32964}.Ad-Hoc|iPhone.ActiveCfg = Release|x86
		{877676AA-9094-4603-A3E6-A4E7A3B32964}.Ad-Hoc|iPhone.Build.0 = Release|x86
		{877676AA-9094-4603-A3E6-A4E7A3B32964}.Ad-Hoc|iPhone.Deploy.0 = Release|x86
		{877676AA-9094-4603-A3E6-A4E7A3B32964}.Ad-Hoc|iPhoneSimulator.ActiveCfg = Release|x86
		{877676AA-9094-4603-A3E6-A4E7A3B32964}.Ad-Hoc|iPhoneSimulator.Build.0 = Release|x86
		{877676AA-9094-4603-A3E6-A4E7A3B32964}.Ad-Hoc|iPhoneSimulator.Deploy.0 = Release|x86
		{877676AA-9094-4603-A3E6-A4E7A3B32964}.Ad-Hoc|x64.ActiveCfg = Release|x64
		{877676AA-9094-4603-A3E6-A4E7A3B32964}.Ad-Hoc|x64.Build.0 = Release|x64
		{877676AA-9094-4603-A3E6-A4E7A3B32964}.Ad-Hoc|x64.Deploy.0 = Release|x64
		{877676AA-9094-4603-A3E6-A4E7A3B32964}.Ad-Hoc|x86.ActiveCfg = Release|x86
		{877676AA-9094-4603-A3E6-A4E7A3B32964}.Ad-Hoc|x86.Build.0 = Release|x86
		{877676AA-9094-4603-A3E6-A4E7A3B32964}.Ad-Hoc|x86.Deploy.0 = Release|x86
		{877676AA-9094-4603-A3E6-A4E7A3B32964}.AppStore|Any CPU.ActiveCfg = Release|x86
		{877676AA-9094-4603-A3E6-A4E7A3B32964}.AppStore|Any CPU.Build.0 = Release|x86
		{877676AA-9094-4603-A3E6-A4E7A3B32964}.AppStore|Any CPU.Deploy.0 = Release|x86
		{877676AA-9094-4603-A3E6-A4E7A3B32964}.AppStore|ARM.ActiveCfg = Release|ARM
		{877676AA-9094-4603-A3E6-A4E7A3B32964}.AppStore|ARM.Build.0 = Release|ARM
		{877676AA-9094-4603-A3E6-A4E7A3B32964}.AppStore|ARM.Deploy.0 = Release|ARM
		{877676AA-9094-4603-A3E6-A4E7A3B32964}.AppStore|iPhone.ActiveCfg = Release|x86
		{877676AA-9094-4603-A3E6-A4E7A3B32964}.AppStore|iPhone.Build.0 = Release|x86
		{877676AA-9094-4603-A3E6-A4E7A3B32964}.AppStore|iPhone.Deploy.0 = Release|x86
		{877676AA-9094-4603-A3E6-A4E7A3B32964}.AppStore|iPhoneSimulator.ActiveCfg = Release|x86
		{877676AA-9094-4603-A3E6-A4E7A3B32964}.AppStore|iPhoneSimulator.Build.0 = Release|x86
		{877676AA-9094-4603-A3E6-A4E7A3B32964}.AppStore|iPhoneSimulator.Deploy.0 = Release|x86
		{877676AA-9094-4603-A3E6-A4E7A3B32964}.AppStore|x64.ActiveCfg = Release|x64
		{877676AA-9094-4603-A3E6-A4E7A3B32964}.AppStore|x64.Build.0 = Release|x64
		{877676AA-9094-4603-A3E6-A4E7A3B32964}.AppStore|x64.Deploy.0 = Release|x64
		{877676AA-9094-4603-A3E6-A4E7A3B32964}.AppStore|x86.ActiveCfg = Release|x86
		{877676AA-9094-4603-A3E6-A4E7A3B32964}.AppStore|x86.Build.0 = Release|x86
		{877676AA-9094-4603-A3E6-A4E7A3B32964}.AppStore|x86.Deploy.0 = Release|x86
		{877676AA-9094-4603-A3E6-A4E7A3B32964}.Debug|Any CPU.ActiveCfg = Debug|x86
		{877676AA-9094-4603-A3E6-A4E7A3B32964}.Debug|ARM.ActiveCfg = Debug|ARM
		{877676AA-9094-4603-A3E6-A4E7A3B32964}.Debug|ARM.Build.0 = Debug|ARM
		{877676AA-9094-4603-A3E6-A4E7A3B32964}.Debug|ARM.Deploy.0 = Debug|ARM
		{877676AA-9094-4603-A3E6-A4E7A3B32964}.Debug|iPhone.ActiveCfg = Debug|x86
		{877676AA-9094-4603-A3E6-A4E7A3B32964}.Debug|iPhoneSimulator.ActiveCfg = Debug|x86
		{877676AA-9094-4603-A3E6-A4E7A3B32964}.Debug|x64.ActiveCfg = Debug|x64
		{877676AA-9094-4603-A3E6-A4E7A3B32964}.Debug|x64.Build.0 = Debug|x64
		{877676AA-9094-4603-A3E6-A4E7A3B32964}.Debug|x64.Deploy.0 = Debug|x64
		{877676AA-9094-4603-A3E6-A4E7A3B32964}.Debug|x86.ActiveCfg = Debug|x86
		{877676AA-9094-4603-A3E6-A4E7A3B32964}.Debug|x86.Build.0 = Debug|x86
		{877676AA-9094-4603-A3E6-A4E7A3B32964}.Debug|x86.Deploy.0 = Debug|x86
		{877676AA-9094-4603-A3E6-A4E7A3B32964}.Release|Any CPU.ActiveCfg = Release|x86
		{877676AA-9094-4603-A3E6-A4E7A3B32964}.Release|ARM.ActiveCfg = Release|ARM
		{877676AA-9094-4603-A3E6-A4E7A3B32964}.Release|ARM.Build.0 = Release|ARM
		{877676AA-9094-4603-A3E6-A4E7A3B32964}.Release|ARM.Deploy.0 = Release|ARM
		{877676AA-9094-4603-A3E6-A4E7A3B32964}.Release|iPhone.ActiveCfg = Release|x86
		{877676AA-9094-4603-A3E6-A4E7A3B32964}.Release|iPhoneSimulator.ActiveCfg = Release|x86
		{877676AA-9094-4603-A3E6-A4E7A3B32964}.Release|x64.ActiveCfg = Release|x64
		{877676AA-9094-4603-A3E6-A4E7A3B32964}.Release|x64.Build.0 = Release|x64
		{877676AA-9094-4603-A3E6-A4E7A3B32964}.Release|x64.Deploy.0 = Release|x64
		{877676AA-9094-4603-A3E6-A4E7A3B32964}.Release|x86.ActiveCfg = Release|x86
		{877676AA-9094-4603-A3E6-A4E7A3B32964}.Release|x86.Build.0 = Release|x86
		{877676AA-9094-4603-A3E6-A4E7A3B32964}.Release|x86.Deploy.0 = Release|x86
		{A302D381-5EF5-4095-A79D-7CB6D4D12696}.Ad-Hoc|Any CPU.ActiveCfg = Ad-Hoc|iPhone
		{A302D381-5EF5-4095-A79D-7CB6D4D12696}.Ad-Hoc|ARM.ActiveCfg = Ad-Hoc|iPhone
		{A302D381-5EF5-4095-A79D-7CB6D4D12696}.Ad-Hoc|iPhone.ActiveCfg = Ad-Hoc|iPhone
		{A302D381-5EF5-4095-A79D-7CB6D4D12696}.Ad-Hoc|iPhone.Build.0 = Ad-Hoc|iPhone
		{A302D381-5EF5-4095-A79D-7CB6D4D12696}.Ad-Hoc|iPhoneSimulator.ActiveCfg = Ad-Hoc|iPhoneSimulator
		{A302D381-5EF5-4095-A79D-7CB6D4D12696}.Ad-Hoc|iPhoneSimulator.Build.0 = Ad-Hoc|iPhoneSimulator
		{A302D381-5EF5-4095-A79D-7CB6D4D12696}.Ad-Hoc|x64.ActiveCfg = Ad-Hoc|iPhone
		{A302D381-5EF5-4095-A79D-7CB6D4D12696}.Ad-Hoc|x86.ActiveCfg = Ad-Hoc|iPhone
		{A302D381-5EF5-4095-A79D-7CB6D4D12696}.AppStore|Any CPU.ActiveCfg = AppStore|iPhone
		{A302D381-5EF5-4095-A79D-7CB6D4D12696}.AppStore|ARM.ActiveCfg = AppStore|iPhone
		{A302D381-5EF5-4095-A79D-7CB6D4D12696}.AppStore|iPhone.ActiveCfg = AppStore|iPhone
		{A302D381-5EF5-4095-A79D-7CB6D4D12696}.AppStore|iPhone.Build.0 = AppStore|iPhone
		{A302D381-5EF5-4095-A79D-7CB6D4D12696}.AppStore|iPhoneSimulator.ActiveCfg = AppStore|iPhoneSimulator
		{A302D381-5EF5-4095-A79D-7CB6D4D12696}.AppStore|iPhoneSimulator.Build.0 = AppStore|iPhoneSimulator
		{A302D381-5EF5-4095-A79D-7CB6D4D12696}.AppStore|x64.ActiveCfg = AppStore|iPhone
		{A302D381-5EF5-4095-A79D-7CB6D4D12696}.AppStore|x86.ActiveCfg = AppStore|iPhone
		{A302D381-5EF5-4095-A79D-7CB6D4D12696}.Debug|Any CPU.ActiveCfg = Debug|iPhone
		{A302D381-5EF5-4095-A79D-7CB6D4D12696}.Debug|ARM.ActiveCfg = Debug|iPhone
		{A302D381-5EF5-4095-A79D-7CB6D4D12696}.Debug|iPhone.ActiveCfg = Debug|iPhone
		{A302D381-5EF5-4095-A79D-7CB6D4D12696}.Debug|iPhone.Build.0 = Debug|iPhone
		{A302D381-5EF5-4095-A79D-7CB6D4D12696}.Debug|iPhoneSimulator.ActiveCfg = Debug|iPhoneSimulator
		{A302D381-5EF5-4095-A79D-7CB6D4D12696}.Debug|iPhoneSimulator.Build.0 = Debug|iPhoneSimulator
		{A302D381-5EF5-4095-A79D-7CB6D4D12696}.Debug|x64.ActiveCfg = Debug|iPhone
		{A302D381-5EF5-4095-A79D-7CB6D4D12696}.Debug|x86.ActiveCfg = Debug|iPhone
		{A302D381-5EF5-4095-A79D-7CB6D4D12696}.Release|Any CPU.ActiveCfg = Release|iPhone
		{A302D381-5EF5-4095-A79D-7CB6D4D12696}.Release|ARM.ActiveCfg = Release|iPhone
		{A302D381-5EF5-4095-A79D-7CB6D4D12696}.Release|iPhone.ActiveCfg = Release|iPhone
		{A302D381-5EF5-4095-A79D-7CB6D4D12696}.Release|iPhone.Build.0 = Release|iPhone
		{A302D381-5EF5-4095-A79D-7CB6D4D12696}.Release|iPhoneSimulator.ActiveCfg = Release|iPhoneSimulator
		{A302D381-5EF5-4095-A79D-7CB6D4D12696}.Release|iPhoneSimulator.Build.0 = Release|iPhoneSimulator
		{A302D381-5EF5-4095-A79D-7CB6D4D12696}.Release|x64.ActiveCfg = Release|iPhone
		{A302D381-5EF5-4095-A79D-7CB6D4D12696}.Release|x86.ActiveCfg = Release|iPhone
	EndGlobalSection
	GlobalSection(SolutionProperties) = preSolution
		HideSolutionNode = FALSE
	EndGlobalSection
EndGlobal
